
Microsoft Visual Studio Solution File, Format Version 12.00
# Visual Studio Version 17
VisualStudioVersion = 17.0.31903.59
MinimumVisualStudioVersion = 10.0.40219.1
Project("{FAE04EC0-301F-11D3-BF4B-00C04F79EFBC}") = "API", "API\API.csproj", "{3EBED12B-220C-4585-84EE-6384853CAD43}"
EndProject
Project("{FAE04EC0-301F-11D3-BF4B-00C04F79EFBC}") = "Core", "Core\Core.csproj", "{0C4B535E-0FE2-4FA0-B48E-D932B2E66D1F}"
EndProject
Project("{FAE04EC0-301F-11D3-BF4B-00C04F79EFBC}") = "Infrastructure", "Infrastructure\Infrastructure.csproj", "{A776FFF3-0608-482F-8B27-63A0660A7C72}"
EndProject
Global
	GlobalSection(SolutionConfigurationPlatforms) = preSolution
		Debug|Any CPU = Debug|Any CPU
		Release|Any CPU = Release|Any CPU
	EndGlobalSection
	GlobalSection(SolutionProperties) = preSolution
		HideSolutionNode = FALSE
	EndGlobalSection
	GlobalSection(ProjectConfigurationPlatforms) = postSolution
		{3EBED12B-220C-4585-84EE-6384853CAD43}.Debug|Any CPU.ActiveCfg = Debug|Any CPU
		{3EBED12B-220C-4585-84EE-6384853CAD43}.Debug|Any CPU.Build.0 = Debug|Any CPU
		{3EBED12B-220C-4585-84EE-6384853CAD43}.Release|Any CPU.ActiveCfg = Release|Any CPU
		{3EBED12B-220C-4585-84EE-6384853CAD43}.Release|Any CPU.Build.0 = Release|Any CPU
		{0C4B535E-0FE2-4FA0-B48E-D932B2E66D1F}.Debug|Any CPU.ActiveCfg = Debug|Any CPU
		{0C4B535E-0FE2-4FA0-B48E-D932B2E66D1F}.Debug|Any CPU.Build.0 = Debug|Any CPU
		{0C4B535E-0FE2-4FA0-B48E-D932B2E66D1F}.Release|Any CPU.ActiveCfg = Release|Any CPU
		{0C4B535E-0FE2-4FA0-B48E-D932B2E66D1F}.Release|Any CPU.Build.0 = Release|Any CPU
		{A776FFF3-0608-482F-8B27-63A0660A7C72}.Debug|Any CPU.ActiveCfg = Debug|Any CPU
		{A776FFF3-0608-482F-8B27-63A0660A7C72}.Debug|Any CPU.Build.0 = Debug|Any CPU
		{A776FFF3-0608-482F-8B27-63A0660A7C72}.Release|Any CPU.ActiveCfg = Release|Any CPU
		{A776FFF3-0608-482F-8B27-63A0660A7C72}.Release|Any CPU.Build.0 = Release|Any CPU
	EndGlobalSection
EndGlobal
